# generated by rye
# use `rye lock` or `rye sync` to update this lockfile
#
# last locked with the following flags:
#   pre: false
#   features: []
#   all-features: false
#   with-sources: false
#   generate-hashes: false
#   universal: false

-e file:.
contourpy==1.3.0
    # via matplotlib
cycler==0.12.1
    # via matplotlib
fonttools==4.53.1
    # via matplotlib
kiwisolver==1.4.7
    # via matplotlib
matplotlib==3.9.2
    # via katz-polar
miniball==1.2.0
    # via katz-polar
networkx==3.3
    # via katz-polar
numpy==2.1.1
    # via contourpy
    # via katz-polar
    # via matplotlib
    # via miniball
    # via pandas
    # via scipy
packaging==24.1
    # via matplotlib
pandas==2.2.2
    # via katz-polar
pillow==10.4.0
    # via matplotlib
pyparsing==3.1.4
    # via matplotlib
python-dateutil==2.9.0.post0
    # via matplotlib
    # via pandas
pytz==2024.2
    # via pandas
scipy==1.14.1
    # via katz-polar
six==1.16.0
    # via python-dateutil
tzdata==2024.1
    # via pandas
